
Microsoft Visual Studio Solution File, Format Version 12.00
# Visual Studio Version 17
VisualStudioVersion = 17.9.34728.123
MinimumVisualStudioVersion = 10.0.40219.1
Project("{FAE04EC0-301F-11D3-BF4B-00C04F79EFBC}") = "ManageProductsApp", "WindowManageProducts\ManageProductsApp.csproj", "{48E2A1A2-EF44-4856-930F-3AB83EC5BD14}"
EndProject
Global
	GlobalSection(SolutionConfigurationPlatforms) = preSolution
		Debug|Any CPU = Debug|Any CPU
		Release|Any CPU = Release|Any CPU
	EndGlobalSection
	GlobalSection(ProjectConfigurationPlatforms) = postSolution
		{48E2A1A2-EF44-4856-930F-3AB83EC5BD14}.Debug|Any CPU.ActiveCfg = Debug|Any CPU
		{48E2A1A2-EF44-4856-930F-3AB83EC5BD14}.Debug|Any CPU.Build.0 = Debug|Any CPU
		{48E2A1A2-EF44-4856-930F-3AB83EC5BD14}.Release|Any CPU.ActiveCfg = Release|Any CPU
		{48E2A1A2-EF44-4856-930F-3AB83EC5BD14}.Release|Any CPU.Build.0 = Release|Any CPU
	EndGlobalSection
	GlobalSection(SolutionProperties) = preSolution
		HideSolutionNode = FALSE
	EndGlobalSection
	GlobalSection(ExtensibilityGlobals) = postSolution
		SolutionGuid = {6F799704-5721-44CB-92EB-921538963F63}
	EndGlobalSection
EndGlobal
